
Microsoft Visual Studio Solution File, Format Version 12.00
# Visual Studio Version 17
VisualStudioVersion = 17.12.35527.113
MinimumVisualStudioVersion = 10.0.40219.1
Project("{FAE04EC0-301F-11D3-BF4B-00C04F79EFBC}") = "GateWayApi.Presentation", "GateWayApi.Presentation\GateWayApi.Presentation.csproj", "{561F39D3-EBFD-4A1D-9E1D-BA53D4EA6090}"
EndProject
Project("{FAE04EC0-301F-11D3-BF4B-00C04F79EFBC}") = "CommonLibrary", "..\Ecommerce_SharedLibrary\CommonLibrary\CommonLibrary.csproj", "{DB1A8C79-5473-4797-97E1-371F6DD64D26}"
EndProject
Global
	GlobalSection(SolutionConfigurationPlatforms) = preSolution
		Debug|Any CPU = Debug|Any CPU
		Release|Any CPU = Release|Any CPU
	EndGlobalSection
	GlobalSection(ProjectConfigurationPlatforms) = postSolution
		{561F39D3-EBFD-4A1D-9E1D-BA53D4EA6090}.Debug|Any CPU.ActiveCfg = Debug|Any CPU
		{561F39D3-EBFD-4A1D-9E1D-BA53D4EA6090}.Debug|Any CPU.Build.0 = Debug|Any CPU
		{561F39D3-EBFD-4A1D-9E1D-BA53D4EA6090}.Release|Any CPU.ActiveCfg = Release|Any CPU
		{561F39D3-EBFD-4A1D-9E1D-BA53D4EA6090}.Release|Any CPU.Build.0 = Release|Any CPU
		{DB1A8C79-5473-4797-97E1-371F6DD64D26}.Debug|Any CPU.ActiveCfg = Debug|Any CPU
		{DB1A8C79-5473-4797-97E1-371F6DD64D26}.Debug|Any CPU.Build.0 = Debug|Any CPU
		{DB1A8C79-5473-4797-97E1-371F6DD64D26}.Release|Any CPU.ActiveCfg = Release|Any CPU
		{DB1A8C79-5473-4797-97E1-371F6DD64D26}.Release|Any CPU.Build.0 = Release|Any CPU
	EndGlobalSection
	GlobalSection(SolutionProperties) = preSolution
		HideSolutionNode = FALSE
	EndGlobalSection
EndGlobal
