
Microsoft Visual Studio Solution File, Format Version 12.00
# Visual Studio Version 17
VisualStudioVersion = 17.12.35527.113 d17.12
MinimumVisualStudioVersion = 10.0.40219.1
Project("{FAE04EC0-301F-11D3-BF4B-00C04F79EFBC}") = "ProductApi.Domain", "ProductApi.Domain\ProductApi.Domain.csproj", "{FF20CFC2-6F74-4424-909E-F853C087A846}"
EndProject
Project("{FAE04EC0-301F-11D3-BF4B-00C04F79EFBC}") = "ProductApi.Infrastructure", "ProductApi.Infrastructure\ProductApi.Infrastructure.csproj", "{DDEAC54F-3576-4A74-8BE1-297D06AC1F2D}"
EndProject
Project("{FAE04EC0-301F-11D3-BF4B-00C04F79EFBC}") = "ProductApi.Application", "ProductApi.Application\ProductApi.Application.csproj", "{FBBB8C4F-07AE-4C02-8657-EB0A13EAD873}"
EndProject
Project("{FAE04EC0-301F-11D3-BF4B-00C04F79EFBC}") = "ProductApi.Presentation", "ProductApi.Presentation\ProductApi.Presentation.csproj", "{46BCADCE-921A-428E-BB50-046C67A5C79F}"
EndProject
Project("{FAE04EC0-301F-11D3-BF4B-00C04F79EFBC}") = "ECommerce_CommonLibrary", "..\ECommerce\ECommerce_CommonLibrary\ECommerce_CommonLibrary.csproj", "{D6E07CE6-C9D6-423C-979A-5DA10CA90F78}"
EndProject
Global
	GlobalSection(SolutionConfigurationPlatforms) = preSolution
		Debug|Any CPU = Debug|Any CPU
		Release|Any CPU = Release|Any CPU
	EndGlobalSection
	GlobalSection(ProjectConfigurationPlatforms) = postSolution
		{FF20CFC2-6F74-4424-909E-F853C087A846}.Debug|Any CPU.ActiveCfg = Debug|Any CPU
		{FF20CFC2-6F74-4424-909E-F853C087A846}.Debug|Any CPU.Build.0 = Debug|Any CPU
		{FF20CFC2-6F74-4424-909E-F853C087A846}.Release|Any CPU.ActiveCfg = Release|Any CPU
		{FF20CFC2-6F74-4424-909E-F853C087A846}.Release|Any CPU.Build.0 = Release|Any CPU
		{DDEAC54F-3576-4A74-8BE1-297D06AC1F2D}.Debug|Any CPU.ActiveCfg = Debug|Any CPU
		{DDEAC54F-3576-4A74-8BE1-297D06AC1F2D}.Debug|Any CPU.Build.0 = Debug|Any CPU
		{DDEAC54F-3576-4A74-8BE1-297D06AC1F2D}.Release|Any CPU.ActiveCfg = Release|Any CPU
		{DDEAC54F-3576-4A74-8BE1-297D06AC1F2D}.Release|Any CPU.Build.0 = Release|Any CPU
		{FBBB8C4F-07AE-4C02-8657-EB0A13EAD873}.Debug|Any CPU.ActiveCfg = Debug|Any CPU
		{FBBB8C4F-07AE-4C02-8657-EB0A13EAD873}.Debug|Any CPU.Build.0 = Debug|Any CPU
		{FBBB8C4F-07AE-4C02-8657-EB0A13EAD873}.Release|Any CPU.ActiveCfg = Release|Any CPU
		{FBBB8C4F-07AE-4C02-8657-EB0A13EAD873}.Release|Any CPU.Build.0 = Release|Any CPU
		{46BCADCE-921A-428E-BB50-046C67A5C79F}.Debug|Any CPU.ActiveCfg = Debug|Any CPU
		{46BCADCE-921A-428E-BB50-046C67A5C79F}.Debug|Any CPU.Build.0 = Debug|Any CPU
		{46BCADCE-921A-428E-BB50-046C67A5C79F}.Release|Any CPU.ActiveCfg = Release|Any CPU
		{46BCADCE-921A-428E-BB50-046C67A5C79F}.Release|Any CPU.Build.0 = Release|Any CPU
		{D6E07CE6-C9D6-423C-979A-5DA10CA90F78}.Debug|Any CPU.ActiveCfg = Debug|Any CPU
		{D6E07CE6-C9D6-423C-979A-5DA10CA90F78}.Debug|Any CPU.Build.0 = Debug|Any CPU
		{D6E07CE6-C9D6-423C-979A-5DA10CA90F78}.Release|Any CPU.ActiveCfg = Release|Any CPU
		{D6E07CE6-C9D6-423C-979A-5DA10CA90F78}.Release|Any CPU.Build.0 = Release|Any CPU
	EndGlobalSection
	GlobalSection(SolutionProperties) = preSolution
		HideSolutionNode = FALSE
	EndGlobalSection
EndGlobal
