
Microsoft Visual Studio Solution File, Format Version 12.00
# Visual Studio Version 17
VisualStudioVersion = 17.12.35527.113
MinimumVisualStudioVersion = 10.0.40219.1
Project("{FAE04EC0-301F-11D3-BF4B-00C04F79EFBC}") = "OrderApi.Domain", "OrderAoi.Domain\OrderApi.Domain.csproj", "{490EA052-0983-415B-84F0-C0D7A851ACA1}"
EndProject
Project("{FAE04EC0-301F-11D3-BF4B-00C04F79EFBC}") = "OrderApi.Infrastructure", "OrderApi.Infrastructure\OrderApi.Infrastructure.csproj", "{DD989C88-40E3-4B68-910E-632E02B77D7C}"
EndProject
Project("{FAE04EC0-301F-11D3-BF4B-00C04F79EFBC}") = "OrderApi.Application", "OrderApi.Application\OrderApi.Application.csproj", "{B44D5250-2EB6-4875-AC50-88207056524D}"
EndProject
Project("{FAE04EC0-301F-11D3-BF4B-00C04F79EFBC}") = "OrderApi.Presentation", "OrderApi.Presentation\OrderApi.Presentation.csproj", "{2F0D2CE7-9F79-4253-8A1F-962AF87B2E17}"
EndProject
Project("{FAE04EC0-301F-11D3-BF4B-00C04F79EFBC}") = "CommonLibrary", "..\Ecommerce_SharedLibrary\CommonLibrary\CommonLibrary.csproj", "{9885E811-72DD-451B-B131-6177C0F20E9F}"
EndProject
Global
	GlobalSection(SolutionConfigurationPlatforms) = preSolution
		Debug|Any CPU = Debug|Any CPU
		Release|Any CPU = Release|Any CPU
	EndGlobalSection
	GlobalSection(ProjectConfigurationPlatforms) = postSolution
		{490EA052-0983-415B-84F0-C0D7A851ACA1}.Debug|Any CPU.ActiveCfg = Debug|Any CPU
		{490EA052-0983-415B-84F0-C0D7A851ACA1}.Debug|Any CPU.Build.0 = Debug|Any CPU
		{490EA052-0983-415B-84F0-C0D7A851ACA1}.Release|Any CPU.ActiveCfg = Release|Any CPU
		{490EA052-0983-415B-84F0-C0D7A851ACA1}.Release|Any CPU.Build.0 = Release|Any CPU
		{DD989C88-40E3-4B68-910E-632E02B77D7C}.Debug|Any CPU.ActiveCfg = Debug|Any CPU
		{DD989C88-40E3-4B68-910E-632E02B77D7C}.Debug|Any CPU.Build.0 = Debug|Any CPU
		{DD989C88-40E3-4B68-910E-632E02B77D7C}.Release|Any CPU.ActiveCfg = Release|Any CPU
		{DD989C88-40E3-4B68-910E-632E02B77D7C}.Release|Any CPU.Build.0 = Release|Any CPU
		{B44D5250-2EB6-4875-AC50-88207056524D}.Debug|Any CPU.ActiveCfg = Debug|Any CPU
		{B44D5250-2EB6-4875-AC50-88207056524D}.Debug|Any CPU.Build.0 = Debug|Any CPU
		{B44D5250-2EB6-4875-AC50-88207056524D}.Release|Any CPU.ActiveCfg = Release|Any CPU
		{B44D5250-2EB6-4875-AC50-88207056524D}.Release|Any CPU.Build.0 = Release|Any CPU
		{2F0D2CE7-9F79-4253-8A1F-962AF87B2E17}.Debug|Any CPU.ActiveCfg = Debug|Any CPU
		{2F0D2CE7-9F79-4253-8A1F-962AF87B2E17}.Debug|Any CPU.Build.0 = Debug|Any CPU
		{2F0D2CE7-9F79-4253-8A1F-962AF87B2E17}.Release|Any CPU.ActiveCfg = Release|Any CPU
		{2F0D2CE7-9F79-4253-8A1F-962AF87B2E17}.Release|Any CPU.Build.0 = Release|Any CPU
		{9885E811-72DD-451B-B131-6177C0F20E9F}.Debug|Any CPU.ActiveCfg = Debug|Any CPU
		{9885E811-72DD-451B-B131-6177C0F20E9F}.Debug|Any CPU.Build.0 = Debug|Any CPU
		{9885E811-72DD-451B-B131-6177C0F20E9F}.Release|Any CPU.ActiveCfg = Release|Any CPU
		{9885E811-72DD-451B-B131-6177C0F20E9F}.Release|Any CPU.Build.0 = Release|Any CPU
	EndGlobalSection
	GlobalSection(SolutionProperties) = preSolution
		HideSolutionNode = FALSE
	EndGlobalSection
EndGlobal
